
Microsoft Visual Studio Solution File, Format Version 12.00
# Visual Studio 15
VisualStudioVersion = 15.0.26430.16
MinimumVisualStudioVersion = 10.0.40219.1
Project("{DA7A21FA-8162-4350-AD77-A8D1B671F3ED}") = "AGE11-validation1", "AGE11-validation1.rxproj", "{4087A1EB-AC27-411B-80B0-69B72B8CC78D}"
EndProject
Global
	GlobalSection(SolutionConfigurationPlatforms) = preSolution
		Debug|Any CPU = Debug|Any CPU
		Release|Any CPU = Release|Any CPU
	EndGlobalSection
	GlobalSection(ProjectConfigurationPlatforms) = postSolution
		{4087A1EB-AC27-411B-80B0-69B72B8CC78D}.Debug|Any CPU.ActiveCfg = Debug|Any CPU
		{4087A1EB-AC27-411B-80B0-69B72B8CC78D}.Debug|Any CPU.Build.0 = Debug|Any CPU
		{4087A1EB-AC27-411B-80B0-69B72B8CC78D}.Release|Any CPU.ActiveCfg = Release|Any CPU
		{4087A1EB-AC27-411B-80B0-69B72B8CC78D}.Release|Any CPU.Build.0 = Release|Any CPU
	EndGlobalSection
	GlobalSection(SolutionProperties) = preSolution
		HideSolutionNode = FALSE
	EndGlobalSection
EndGlobal
